
Microsoft Visual Studio Solution File, Format Version 12.00
# Visual Studio Version 17
VisualStudioVersion = 17.6.33801.468
MinimumVisualStudioVersion = 10.0.40219.1
Project("{FAE04EC0-301F-11D3-BF4B-00C04F79EFBC}") = "queue", "queue\queue.csproj", "{1CA5E44E-5DC4-48C4-8CC4-0D646D250936}"
EndProject
Global
	GlobalSection(SolutionConfigurationPlatforms) = preSolution
		Debug|Any CPU = Debug|Any CPU
		Release|Any CPU = Release|Any CPU
	EndGlobalSection
	GlobalSection(ProjectConfigurationPlatforms) = postSolution
		{1CA5E44E-5DC4-48C4-8CC4-0D646D250936}.Debug|Any CPU.ActiveCfg = Debug|Any CPU
		{1CA5E44E-5DC4-48C4-8CC4-0D646D250936}.Debug|Any CPU.Build.0 = Debug|Any CPU
		{1CA5E44E-5DC4-48C4-8CC4-0D646D250936}.Release|Any CPU.ActiveCfg = Release|Any CPU
		{1CA5E44E-5DC4-48C4-8CC4-0D646D250936}.Release|Any CPU.Build.0 = Release|Any CPU
	EndGlobalSection
	GlobalSection(SolutionProperties) = preSolution
		HideSolutionNode = FALSE
	EndGlobalSection
	GlobalSection(ExtensibilityGlobals) = postSolution
		SolutionGuid = {14410BA3-2748-43E7-AF0F-E036AEEA77F7}
	EndGlobalSection
EndGlobal
